
Microsoft Visual Studio Solution File, Format Version 11.00
# Visual Studio 2010
Project("{FAE04EC0-301F-11D3-BF4B-00C04F79EFBC}") = "Assembly-CSharp-firstpass", "Assembly-CSharp-firstpass.csproj", "{e4f132b6-b99f-ac5a-eb70-9d35f03635b0}"
EndProject
Project("{FAE04EC0-301F-11D3-BF4B-00C04F79EFBC}") = "Assembly-CSharp", "Assembly-CSharp.csproj", "{5d78d9e8-2adc-cd2e-3133-fe98d57d6b51}"
EndProject
Global
	GlobalSection(SolutionConfigurationPlatforms) = preSolution
		Debug|Any CPU = Debug|Any CPU
	EndGlobalSection
	GlobalSection(ProjectConfigurationPlatforms) = postSolution
		{e4f132b6-b99f-ac5a-eb70-9d35f03635b0}.Debug|Any CPU.ActiveCfg = Debug|Any CPU
		{e4f132b6-b99f-ac5a-eb70-9d35f03635b0}.Debug|Any CPU.Build.0 = Debug|Any CPU
		{5d78d9e8-2adc-cd2e-3133-fe98d57d6b51}.Debug|Any CPU.ActiveCfg = Debug|Any CPU
		{5d78d9e8-2adc-cd2e-3133-fe98d57d6b51}.Debug|Any CPU.Build.0 = Debug|Any CPU
	EndGlobalSection
	GlobalSection(SolutionProperties) = preSolution
		HideSolutionNode = FALSE
	EndGlobalSection
EndGlobal
